
Microsoft Visual Studio Solution File, Format Version 12.00
# Visual Studio 15
VisualStudioVersion = 15.0.28307.271
MinimumVisualStudioVersion = 10.0.40219.1
Project("{9A19103F-16F7-4668-BE54-9A1E7A4F7556}") = "Lucky.Project.Web", "Lucky.Project.Web\Lucky.Project.Web.csproj", "{1DD39894-82CF-4DF9-B6DB-48AFCACB483C}"
EndProject
Project("{2150E333-8FDC-42A3-9474-1A3956D46DE8}") = "1.UI", "1.UI", "{7F1C16D8-767B-4F89-86BD-1A226447B6FD}"
EndProject
Project("{2150E333-8FDC-42A3-9474-1A3956D46DE8}") = "2.Application", "2.Application", "{D6AFC792-BF64-47DD-814F-AF2B79B6F549}"
EndProject
Project("{2150E333-8FDC-42A3-9474-1A3956D46DE8}") = "3.Repository", "3.Repository", "{0D09F3DC-D50D-495F-8080-66DDC190A7D4}"
EndProject
Project("{2150E333-8FDC-42A3-9474-1A3956D46DE8}") = "4.Entity", "4.Entity", "{F6F4E128-8248-42FF-A1BE-74E696C2914C}"
EndProject
Project("{2150E333-8FDC-42A3-9474-1A3956D46DE8}") = "5.Infrastructure", "5.Infrastructure", "{5A04E286-90E8-41E8-8E60-249740DA32D0}"
EndProject
Project("{2150E333-8FDC-42A3-9474-1A3956D46DE8}") = "6.Test", "6.Test", "{FBFA737C-1C7B-4043-91CA-8AB36EFD30C7}"
EndProject
Project("{9A19103F-16F7-4668-BE54-9A1E7A4F7556}") = "Lucky.Project.API", "Lucky.Project.API\Lucky.Project.API.csproj", "{F2A95B05-1EC6-4530-9A87-569DD38BAB4E}"
EndProject
Project("{9A19103F-16F7-4668-BE54-9A1E7A4F7556}") = "Lucky.Project.IServices", "Lucky.Project.IService\Lucky.Project.IServices.csproj", "{56BE6715-3965-40E3-B09F-87E09C231088}"
EndProject
Project("{9A19103F-16F7-4668-BE54-9A1E7A4F7556}") = "Lucky.Project.Services", "Lucky.Project.Services\Lucky.Project.Services.csproj", "{F7409A06-DE12-422F-A839-3A2AADD9FB6A}"
EndProject
Project("{9A19103F-16F7-4668-BE54-9A1E7A4F7556}") = "Lucky.Project.IRepository", "Lucky.Project.IRepository\Lucky.Project.IRepository.csproj", "{60E98201-ABE0-4783-A54C-580C8DFD6BCD}"
EndProject
Project("{9A19103F-16F7-4668-BE54-9A1E7A4F7556}") = "Lucky.Project.Repository", "Lucky.Project.Repository\Lucky.Project.Repository.csproj", "{B1034FF3-C006-4166-9BB7-3BC4FF78D32C}"
EndProject
Project("{9A19103F-16F7-4668-BE54-9A1E7A4F7556}") = "Lucky.Project.Models", "Lucky.Project.Models\Lucky.Project.Models.csproj", "{9446B4A9-B1CD-4A2F-9B0D-5D9E5AA69082}"
EndProject
Project("{9A19103F-16F7-4668-BE54-9A1E7A4F7556}") = "Lucky.Project.ViewModels", "Lucky.Project.ViewModels\Lucky.Project.ViewModels.csproj", "{6BB8D9C3-0948-4557-A707-2C9824D58BC4}"
EndProject
Project("{9A19103F-16F7-4668-BE54-9A1E7A4F7556}") = "Lucky.Proect.Core", "Lucky.Proect.Core\Lucky.Proect.Core.csproj", "{8E202BA2-3852-4FBD-9381-3C33C1C77887}"
EndProject
Project("{9A19103F-16F7-4668-BE54-9A1E7A4F7556}") = "Lucky.Project.Framework", "Lucky.Project.Framework\Lucky.Project.Framework.csproj", "{E91171B4-C13F-44A4-9B0A-58A8722A3F49}"
EndProject
Project("{9A19103F-16F7-4668-BE54-9A1E7A4F7556}") = "Lxsh.Project.Test", "Lxsh.Project.Test\Lxsh.Project.Test.csproj", "{8227495E-CE6E-4488-AEAF-35E7A38BC569}"
EndProject
Project("{9A19103F-16F7-4668-BE54-9A1E7A4F7556}") = "Lxsh.Project.ConsoleTest", "Lxsh.Project.Console\Lxsh.Project.ConsoleTest.csproj", "{7A93D2DC-2D92-4712-BBFF-A68A32C41F33}"
EndProject
Global
	GlobalSection(SolutionConfigurationPlatforms) = preSolution
		Debug|Any CPU = Debug|Any CPU
		Release|Any CPU = Release|Any CPU
	EndGlobalSection
	GlobalSection(ProjectConfigurationPlatforms) = postSolution
		{1DD39894-82CF-4DF9-B6DB-48AFCACB483C}.Debug|Any CPU.ActiveCfg = Debug|Any CPU
		{1DD39894-82CF-4DF9-B6DB-48AFCACB483C}.Debug|Any CPU.Build.0 = Debug|Any CPU
		{1DD39894-82CF-4DF9-B6DB-48AFCACB483C}.Release|Any CPU.ActiveCfg = Release|Any CPU
		{1DD39894-82CF-4DF9-B6DB-48AFCACB483C}.Release|Any CPU.Build.0 = Release|Any CPU
		{F2A95B05-1EC6-4530-9A87-569DD38BAB4E}.Debug|Any CPU.ActiveCfg = Debug|Any CPU
		{F2A95B05-1EC6-4530-9A87-569DD38BAB4E}.Debug|Any CPU.Build.0 = Debug|Any CPU
		{F2A95B05-1EC6-4530-9A87-569DD38BAB4E}.Release|Any CPU.ActiveCfg = Release|Any CPU
		{F2A95B05-1EC6-4530-9A87-569DD38BAB4E}.Release|Any CPU.Build.0 = Release|Any CPU
		{56BE6715-3965-40E3-B09F-87E09C231088}.Debug|Any CPU.ActiveCfg = Debug|Any CPU
		{56BE6715-3965-40E3-B09F-87E09C231088}.Debug|Any CPU.Build.0 = Debug|Any CPU
		{56BE6715-3965-40E3-B09F-87E09C231088}.Release|Any CPU.ActiveCfg = Release|Any CPU
		{56BE6715-3965-40E3-B09F-87E09C231088}.Release|Any CPU.Build.0 = Release|Any CPU
		{F7409A06-DE12-422F-A839-3A2AADD9FB6A}.Debug|Any CPU.ActiveCfg = Debug|Any CPU
		{F7409A06-DE12-422F-A839-3A2AADD9FB6A}.Debug|Any CPU.Build.0 = Debug|Any CPU
		{F7409A06-DE12-422F-A839-3A2AADD9FB6A}.Release|Any CPU.ActiveCfg = Release|Any CPU
		{F7409A06-DE12-422F-A839-3A2AADD9FB6A}.Release|Any CPU.Build.0 = Release|Any CPU
		{60E98201-ABE0-4783-A54C-580C8DFD6BCD}.Debug|Any CPU.ActiveCfg = Debug|Any CPU
		{60E98201-ABE0-4783-A54C-580C8DFD6BCD}.Debug|Any CPU.Build.0 = Debug|Any CPU
		{60E98201-ABE0-4783-A54C-580C8DFD6BCD}.Release|Any CPU.ActiveCfg = Release|Any CPU
		{60E98201-ABE0-4783-A54C-580C8DFD6BCD}.Release|Any CPU.Build.0 = Release|Any CPU
		{B1034FF3-C006-4166-9BB7-3BC4FF78D32C}.Debug|Any CPU.ActiveCfg = Debug|Any CPU
		{B1034FF3-C006-4166-9BB7-3BC4FF78D32C}.Debug|Any CPU.Build.0 = Debug|Any CPU
		{B1034FF3-C006-4166-9BB7-3BC4FF78D32C}.Release|Any CPU.ActiveCfg = Release|Any CPU
		{B1034FF3-C006-4166-9BB7-3BC4FF78D32C}.Release|Any CPU.Build.0 = Release|Any CPU
		{9446B4A9-B1CD-4A2F-9B0D-5D9E5AA69082}.Debug|Any CPU.ActiveCfg = Debug|Any CPU
		{9446B4A9-B1CD-4A2F-9B0D-5D9E5AA69082}.Debug|Any CPU.Build.0 = Debug|Any CPU
		{9446B4A9-B1CD-4A2F-9B0D-5D9E5AA69082}.Release|Any CPU.ActiveCfg = Release|Any CPU
		{9446B4A9-B1CD-4A2F-9B0D-5D9E5AA69082}.Release|Any CPU.Build.0 = Release|Any CPU
		{6BB8D9C3-0948-4557-A707-2C9824D58BC4}.Debug|Any CPU.ActiveCfg = Debug|Any CPU
		{6BB8D9C3-0948-4557-A707-2C9824D58BC4}.Debug|Any CPU.Build.0 = Debug|Any CPU
		{6BB8D9C3-0948-4557-A707-2C9824D58BC4}.Release|Any CPU.ActiveCfg = Release|Any CPU
		{6BB8D9C3-0948-4557-A707-2C9824D58BC4}.Release|Any CPU.Build.0 = Release|Any CPU
		{8E202BA2-3852-4FBD-9381-3C33C1C77887}.Debug|Any CPU.ActiveCfg = Debug|Any CPU
		{8E202BA2-3852-4FBD-9381-3C33C1C77887}.Debug|Any CPU.Build.0 = Debug|Any CPU
		{8E202BA2-3852-4FBD-9381-3C33C1C77887}.Release|Any CPU.ActiveCfg = Release|Any CPU
		{8E202BA2-3852-4FBD-9381-3C33C1C77887}.Release|Any CPU.Build.0 = Release|Any CPU
		{E91171B4-C13F-44A4-9B0A-58A8722A3F49}.Debug|Any CPU.ActiveCfg = Debug|Any CPU
		{E91171B4-C13F-44A4-9B0A-58A8722A3F49}.Debug|Any CPU.Build.0 = Debug|Any CPU
		{E91171B4-C13F-44A4-9B0A-58A8722A3F49}.Release|Any CPU.ActiveCfg = Release|Any CPU
		{E91171B4-C13F-44A4-9B0A-58A8722A3F49}.Release|Any CPU.Build.0 = Release|Any CPU
		{8227495E-CE6E-4488-AEAF-35E7A38BC569}.Debug|Any CPU.ActiveCfg = Debug|Any CPU
		{8227495E-CE6E-4488-AEAF-35E7A38BC569}.Debug|Any CPU.Build.0 = Debug|Any CPU
		{8227495E-CE6E-4488-AEAF-35E7A38BC569}.Release|Any CPU.ActiveCfg = Release|Any CPU
		{8227495E-CE6E-4488-AEAF-35E7A38BC569}.Release|Any CPU.Build.0 = Release|Any CPU
		{7A93D2DC-2D92-4712-BBFF-A68A32C41F33}.Debug|Any CPU.ActiveCfg = Debug|Any CPU
		{7A93D2DC-2D92-4712-BBFF-A68A32C41F33}.Debug|Any CPU.Build.0 = Debug|Any CPU
		{7A93D2DC-2D92-4712-BBFF-A68A32C41F33}.Release|Any CPU.ActiveCfg = Release|Any CPU
		{7A93D2DC-2D92-4712-BBFF-A68A32C41F33}.Release|Any CPU.Build.0 = Release|Any CPU
	EndGlobalSection
	GlobalSection(SolutionProperties) = preSolution
		HideSolutionNode = FALSE
	EndGlobalSection
	GlobalSection(NestedProjects) = preSolution
		{1DD39894-82CF-4DF9-B6DB-48AFCACB483C} = {7F1C16D8-767B-4F89-86BD-1A226447B6FD}
		{F2A95B05-1EC6-4530-9A87-569DD38BAB4E} = {7F1C16D8-767B-4F89-86BD-1A226447B6FD}
		{56BE6715-3965-40E3-B09F-87E09C231088} = {D6AFC792-BF64-47DD-814F-AF2B79B6F549}
		{F7409A06-DE12-422F-A839-3A2AADD9FB6A} = {D6AFC792-BF64-47DD-814F-AF2B79B6F549}
		{60E98201-ABE0-4783-A54C-580C8DFD6BCD} = {0D09F3DC-D50D-495F-8080-66DDC190A7D4}
		{B1034FF3-C006-4166-9BB7-3BC4FF78D32C} = {0D09F3DC-D50D-495F-8080-66DDC190A7D4}
		{9446B4A9-B1CD-4A2F-9B0D-5D9E5AA69082} = {F6F4E128-8248-42FF-A1BE-74E696C2914C}
		{6BB8D9C3-0948-4557-A707-2C9824D58BC4} = {F6F4E128-8248-42FF-A1BE-74E696C2914C}
		{8E202BA2-3852-4FBD-9381-3C33C1C77887} = {5A04E286-90E8-41E8-8E60-249740DA32D0}
		{E91171B4-C13F-44A4-9B0A-58A8722A3F49} = {7F1C16D8-767B-4F89-86BD-1A226447B6FD}
		{8227495E-CE6E-4488-AEAF-35E7A38BC569} = {FBFA737C-1C7B-4043-91CA-8AB36EFD30C7}
		{7A93D2DC-2D92-4712-BBFF-A68A32C41F33} = {FBFA737C-1C7B-4043-91CA-8AB36EFD30C7}
	EndGlobalSection
	GlobalSection(ExtensibilityGlobals) = postSolution
		SolutionGuid = {558D2DBA-5B6D-48C2-9497-E73C2FE73F2B}
	EndGlobalSection
EndGlobal
